
Microsoft Visual Studio Solution File, Format Version 12.00
# Visual Studio Version 16
VisualStudioVersion = 16.0.30907.101
MinimumVisualStudioVersion = 10.0.40219.1
Project("{FAE04EC0-301F-11D3-BF4B-00C04F79EFBC}") = "FirstStep", "FirstStep\FirstStep.csproj", "{A178B199-5036-49E6-89BB-98E565FBC3EC}"
EndProject
Global
	GlobalSection(SolutionConfigurationPlatforms) = preSolution
		Debug|Any CPU = Debug|Any CPU
		Release|Any CPU = Release|Any CPU
	EndGlobalSection
	GlobalSection(ProjectConfigurationPlatforms) = postSolution
		{A178B199-5036-49E6-89BB-98E565FBC3EC}.Debug|Any CPU.ActiveCfg = Debug|Any CPU
		{A178B199-5036-49E6-89BB-98E565FBC3EC}.Debug|Any CPU.Build.0 = Debug|Any CPU
		{A178B199-5036-49E6-89BB-98E565FBC3EC}.Release|Any CPU.ActiveCfg = Release|Any CPU
		{A178B199-5036-49E6-89BB-98E565FBC3EC}.Release|Any CPU.Build.0 = Release|Any CPU
	EndGlobalSection
	GlobalSection(SolutionProperties) = preSolution
		HideSolutionNode = FALSE
	EndGlobalSection
	GlobalSection(ExtensibilityGlobals) = postSolution
		SolutionGuid = {513D6127-03A1-42AE-A98A-D472FF72E8E7}
	EndGlobalSection
EndGlobal
